
Microsoft Visual Studio Solution File, Format Version 12.00
# Visual Studio Express 15 for Windows Desktop
VisualStudioVersion = 15.0.28307.168
MinimumVisualStudioVersion = 10.0.40219.1
Project("{8BC9CEB8-8B4A-11D0-8D11-00A0C91BC942}") = "t1", "t1\t1.vcxproj", "{8F38FA11-354D-4A3C-9561-6FB2DD9971A6}"
EndProject
Global
	GlobalSection(SolutionConfigurationPlatforms) = preSolution
		Debug|x64 = Debug|x64
		Debug|x86 = Debug|x86
		Release|x64 = Release|x64
		Release|x86 = Release|x86
	EndGlobalSection
	GlobalSection(ProjectConfigurationPlatforms) = postSolution
		{8F38FA11-354D-4A3C-9561-6FB2DD9971A6}.Debug|x64.ActiveCfg = Debug|x64
		{8F38FA11-354D-4A3C-9561-6FB2DD9971A6}.Debug|x64.Build.0 = Debug|x64
		{8F38FA11-354D-4A3C-9561-6FB2DD9971A6}.Debug|x86.ActiveCfg = Debug|Win32
		{8F38FA11-354D-4A3C-9561-6FB2DD9971A6}.Debug|x86.Build.0 = Debug|Win32
		{8F38FA11-354D-4A3C-9561-6FB2DD9971A6}.Release|x64.ActiveCfg = Release|x64
		{8F38FA11-354D-4A3C-9561-6FB2DD9971A6}.Release|x64.Build.0 = Release|x64
		{8F38FA11-354D-4A3C-9561-6FB2DD9971A6}.Release|x86.ActiveCfg = Release|Win32
		{8F38FA11-354D-4A3C-9561-6FB2DD9971A6}.Release|x86.Build.0 = Release|Win32
	EndGlobalSection
	GlobalSection(SolutionProperties) = preSolution
		HideSolutionNode = FALSE
	EndGlobalSection
	GlobalSection(ExtensibilityGlobals) = postSolution
		SolutionGuid = {0100F049-5C12-4576-8C33-93A37FFCAD01}
	EndGlobalSection
EndGlobal
